
Microsoft Visual Studio Solution File, Format Version 12.00
# Visual Studio Version 16
VisualStudioVersion = 16.0.31729.503
MinimumVisualStudioVersion = 10.0.40219.1
Project("{8BC9CEB8-8B4A-11D0-8D11-00A0C91BC942}") = "AardbeiVision", "AardbeiVision\AardbeiVision.vcxproj", "{D08A3F77-4D09-4BDE-8113-C894B0D89B7F}"
EndProject
Project("{8BC9CEB8-8B4A-11D0-8D11-00A0C91BC942}") = "AardbeiController", "AardbeiController\AardbeiController.vcxproj", "{ADB24ABA-E0DE-4C73-A35F-C8F28C50E066}"
EndProject
Global
	GlobalSection(SolutionConfigurationPlatforms) = preSolution
		Debug|x64 = Debug|x64
		Release|x64 = Release|x64
	EndGlobalSection
	GlobalSection(ProjectConfigurationPlatforms) = postSolution
		{D08A3F77-4D09-4BDE-8113-C894B0D89B7F}.Debug|x64.ActiveCfg = Debug|x64
		{D08A3F77-4D09-4BDE-8113-C894B0D89B7F}.Debug|x64.Build.0 = Debug|x64
		{D08A3F77-4D09-4BDE-8113-C894B0D89B7F}.Release|x64.ActiveCfg = Release|x64
		{D08A3F77-4D09-4BDE-8113-C894B0D89B7F}.Release|x64.Build.0 = Release|x64
		{ADB24ABA-E0DE-4C73-A35F-C8F28C50E066}.Debug|x64.ActiveCfg = Debug|x64
		{ADB24ABA-E0DE-4C73-A35F-C8F28C50E066}.Debug|x64.Build.0 = Debug|x64
		{ADB24ABA-E0DE-4C73-A35F-C8F28C50E066}.Release|x64.ActiveCfg = Release|x64
		{ADB24ABA-E0DE-4C73-A35F-C8F28C50E066}.Release|x64.Build.0 = Release|x64
	EndGlobalSection
	GlobalSection(SolutionProperties) = preSolution
		HideSolutionNode = FALSE
	EndGlobalSection
	GlobalSection(ExtensibilityGlobals) = postSolution
		SolutionGuid = {4C904A09-8DDD-4E24-9C78-BFF1FBCF0105}
	EndGlobalSection
EndGlobal
